
Microsoft Visual Studio Solution File, Format Version 12.00
# Visual Studio Version 17
VisualStudioVersion = 17.7.34031.279
MinimumVisualStudioVersion = 10.0.40219.1
Project("{FAE04EC0-301F-11D3-BF4B-00C04F79EFBC}") = "P4_2_714220030", "P4_2_714220030\P4_2_714220030.csproj", "{D4356788-2306-42DB-B25B-FA9AAC12B970}"
EndProject
Global
	GlobalSection(SolutionConfigurationPlatforms) = preSolution
		Debug|Any CPU = Debug|Any CPU
		Release|Any CPU = Release|Any CPU
	EndGlobalSection
	GlobalSection(ProjectConfigurationPlatforms) = postSolution
		{D4356788-2306-42DB-B25B-FA9AAC12B970}.Debug|Any CPU.ActiveCfg = Debug|Any CPU
		{D4356788-2306-42DB-B25B-FA9AAC12B970}.Debug|Any CPU.Build.0 = Debug|Any CPU
		{D4356788-2306-42DB-B25B-FA9AAC12B970}.Release|Any CPU.ActiveCfg = Release|Any CPU
		{D4356788-2306-42DB-B25B-FA9AAC12B970}.Release|Any CPU.Build.0 = Release|Any CPU
	EndGlobalSection
	GlobalSection(SolutionProperties) = preSolution
		HideSolutionNode = FALSE
	EndGlobalSection
	GlobalSection(ExtensibilityGlobals) = postSolution
		SolutionGuid = {051EB6C6-CA01-4F5E-8644-F4CE3BC795F5}
	EndGlobalSection
EndGlobal
