
Microsoft Visual Studio Solution File, Format Version 12.00
# Visual Studio Version 17
VisualStudioVersion = 17.7.34031.279
MinimumVisualStudioVersion = 10.0.40219.1
Project("{FAE04EC0-301F-11D3-BF4B-00C04F79EFBC}") = "P5_1_714220030", "P5_1_714220030\P5_1_714220030.csproj", "{5F905F5F-99C7-4EF4-9C28-2D8CBBE1A9EB}"
EndProject
Global
	GlobalSection(SolutionConfigurationPlatforms) = preSolution
		Debug|Any CPU = Debug|Any CPU
		Release|Any CPU = Release|Any CPU
	EndGlobalSection
	GlobalSection(ProjectConfigurationPlatforms) = postSolution
		{5F905F5F-99C7-4EF4-9C28-2D8CBBE1A9EB}.Debug|Any CPU.ActiveCfg = Debug|Any CPU
		{5F905F5F-99C7-4EF4-9C28-2D8CBBE1A9EB}.Debug|Any CPU.Build.0 = Debug|Any CPU
		{5F905F5F-99C7-4EF4-9C28-2D8CBBE1A9EB}.Release|Any CPU.ActiveCfg = Release|Any CPU
		{5F905F5F-99C7-4EF4-9C28-2D8CBBE1A9EB}.Release|Any CPU.Build.0 = Release|Any CPU
	EndGlobalSection
	GlobalSection(SolutionProperties) = preSolution
		HideSolutionNode = FALSE
	EndGlobalSection
	GlobalSection(ExtensibilityGlobals) = postSolution
		SolutionGuid = {63D520BF-A33C-4F92-B0B4-9521684A60F9}
	EndGlobalSection
EndGlobal
